// !$*UTF8*$!
{
	archiveVersion = 1;
	classes = {
	};
	objectVersion = 56;
	objects = {

/* Begin PBXBuildFile section */
		A100000001 /* HabitTrackerApp.swift in Sources */ = {isa = PBXBuildFile; fileRef = B100000001; };
		A100000002 /* ContentView.swift in Sources */ = {isa = PBXBuildFile; fileRef = B100000002; };
		A100000003 /* Habit.swift in Sources */ = {isa = PBXBuildFile; fileRef = B100000003; };
		A100000004 /* HabitStore.swift in Sources */ = {isa = PBXBuildFile; fileRef = B100000004; };
		A100000005 /* SidebarView.swift in Sources */ = {isa = PBXBuildFile; fileRef = B100000005; };
		A100000006 /* DashboardView.swift in Sources */ = {isa = PBXBuildFile; fileRef = B100000006; };
		A100000007 /* HabitCardView.swift in Sources */ = {isa = PBXBuildFile; fileRef = B100000007; };
		A100000008 /* ProgressRingView.swift in Sources */ = {isa = PBXBuildFile; fileRef = B100000008; };
		A100000009 /* AddHabitSheet.swift in Sources */ = {isa = PBXBuildFile; fileRef = B100000009; };
		A10000000A /* OrbitalSystemView.swift in Sources */ = {isa = PBXBuildFile; fileRef = B10000000A; };
		A10000000C /* Theme.swift in Sources */ = {isa = PBXBuildFile; fileRef = B10000000C; };
		A10000000D /* Assets.xcassets in Resources */ = {isa = PBXBuildFile; fileRef = B10000000D; };
		A10000000E /* HalftoneRenderer.swift in Sources */ = {isa = PBXBuildFile; fileRef = B10000000F; };
		A10000000F /* HalftoneBackgroundView.swift in Sources */ = {isa = PBXBuildFile; fileRef = B100000010; };
/* End PBXBuildFile section */

/* Begin PBXFileReference section */
		B100000001 /* HabitTrackerApp.swift */ = {isa = PBXFileReference; lastKnownFileType = sourcecode.swift; path = HabitTrackerApp.swift; sourceTree = "<group>"; };
		B100000002 /* ContentView.swift */ = {isa = PBXFileReference; lastKnownFileType = sourcecode.swift; path = ContentView.swift; sourceTree = "<group>"; };
		B100000003 /* Habit.swift */ = {isa = PBXFileReference; lastKnownFileType = sourcecode.swift; path = Habit.swift; sourceTree = "<group>"; };
		B100000004 /* HabitStore.swift */ = {isa = PBXFileReference; lastKnownFileType = sourcecode.swift; path = HabitStore.swift; sourceTree = "<group>"; };
		B100000005 /* SidebarView.swift */ = {isa = PBXFileReference; lastKnownFileType = sourcecode.swift; path = SidebarView.swift; sourceTree = "<group>"; };
		B100000006 /* DashboardView.swift */ = {isa = PBXFileReference; lastKnownFileType = sourcecode.swift; path = DashboardView.swift; sourceTree = "<group>"; };
		B100000007 /* HabitCardView.swift */ = {isa = PBXFileReference; lastKnownFileType = sourcecode.swift; path = HabitCardView.swift; sourceTree = "<group>"; };
		B100000008 /* ProgressRingView.swift */ = {isa = PBXFileReference; lastKnownFileType = sourcecode.swift; path = ProgressRingView.swift; sourceTree = "<group>"; };
		B100000009 /* AddHabitSheet.swift */ = {isa = PBXFileReference; lastKnownFileType = sourcecode.swift; path = AddHabitSheet.swift; sourceTree = "<group>"; };
		B10000000A /* OrbitalSystemView.swift */ = {isa = PBXFileReference; lastKnownFileType = sourcecode.swift; path = OrbitalSystemView.swift; sourceTree = "<group>"; };
		B10000000C /* Theme.swift */ = {isa = PBXFileReference; lastKnownFileType = sourcecode.swift; path = Theme.swift; sourceTree = "<group>"; };
		B10000000D /* Assets.xcassets */ = {isa = PBXFileReference; lastKnownFileType = folder.assetcatalog; path = Assets.xcassets; sourceTree = "<group>"; };
		B10000000E /* Orbit.entitlements */ = {isa = PBXFileReference; lastKnownFileType = text.plist.entitlements; path = Orbit.entitlements; sourceTree = "<group>"; };
		B10000000F /* HalftoneRenderer.swift */ = {isa = PBXFileReference; lastKnownFileType = sourcecode.swift; path = HalftoneRenderer.swift; sourceTree = "<group>"; };
		B100000010 /* HalftoneBackgroundView.swift */ = {isa = PBXFileReference; lastKnownFileType = sourcecode.swift; path = HalftoneBackgroundView.swift; sourceTree = "<group>"; };
		D100000001 /* Orbit.app */ = {isa = PBXFileReference; explicitFileType = wrapper.application; includeInIndex = 0; path = Orbit.app; sourceTree = BUILT_PRODUCTS_DIR; };
/* End PBXFileReference section */

/* Begin PBXFrameworksBuildPhase section */
		E100000001 /* Frameworks */ = {
			isa = PBXFrameworksBuildPhase;
			buildActionMask = 2147483647;
			files = (
			);
			runOnlyForDeploymentPostprocessing = 0;
		};
/* End PBXFrameworksBuildPhase section */

/* Begin PBXGroup section */
		C100000001 /* Root */ = {
			isa = PBXGroup;
			children = (
				C100000002 /* Orbit */,
				C100000006 /* Products */,
			);
			sourceTree = "<group>";
		};
		C100000002 /* Orbit */ = {
			isa = PBXGroup;
			children = (
				B100000001 /* HabitTrackerApp.swift */,
				C100000003 /* Models */,
				C100000004 /* Views */,
				C100000005 /* Theme */,
				B10000000D /* Assets.xcassets */,
				B10000000E /* Orbit.entitlements */,
			);
			path = Orbit;
			sourceTree = "<group>";
		};
		C100000003 /* Models */ = {
			isa = PBXGroup;
			children = (
				B100000003 /* Habit.swift */,
				B100000004 /* HabitStore.swift */,
			);
			path = Models;
			sourceTree = "<group>";
		};
		C100000004 /* Views */ = {
			isa = PBXGroup;
			children = (
				B100000002 /* ContentView.swift */,
				B100000005 /* SidebarView.swift */,
				B100000006 /* DashboardView.swift */,
				B100000007 /* HabitCardView.swift */,
				B100000008 /* ProgressRingView.swift */,
				B100000009 /* AddHabitSheet.swift */,
				B10000000A /* OrbitalSystemView.swift */,
				B100000010 /* HalftoneBackgroundView.swift */,
			);
			path = Views;
			sourceTree = "<group>";
		};
		C100000005 /* Theme */ = {
			isa = PBXGroup;
			children = (
				B10000000C /* Theme.swift */,
				B10000000F /* HalftoneRenderer.swift */,
			);
			path = Theme;
			sourceTree = "<group>";
		};
		C100000006 /* Products */ = {
			isa = PBXGroup;
			children = (
				D100000001 /* Orbit.app */,
			);
			name = Products;
			sourceTree = "<group>";
		};
/* End PBXGroup section */

/* Begin PBXNativeTarget section */
		F100000001 /* Orbit */ = {
			isa = PBXNativeTarget;
			buildConfigurationList = F100000004 /* Build configuration list for PBXNativeTarget "Orbit" */;
			buildPhases = (
				F100000002 /* Sources */,
				E100000001 /* Frameworks */,
				F100000003 /* Resources */,
			);
			buildRules = (
			);
			dependencies = (
			);
			name = Orbit;
			productName = Orbit;
			productReference = D100000001 /* Orbit.app */;
			productType = "com.apple.product-type.application";
		};
/* End PBXNativeTarget section */

/* Begin PBXProject section */
		F200000001 /* Project object */ = {
			isa = PBXProject;
			attributes = {
				BuildIndependentTargetsInParallel = 1;
				LastSwiftUpdateCheck = 1540;
				LastUpgradeCheck = 1540;
				TargetAttributes = {
					F100000001 = {
						CreatedOnToolsVersion = 15.4;
					};
				};
			};
			buildConfigurationList = F200000002 /* Build configuration list for PBXProject "Orbit" */;
			compatibilityVersion = "Xcode 14.0";
			developmentRegion = en;
			hasScannedForEncodings = 0;
			knownRegions = (
				en,
				Base,
			);
			mainGroup = C100000001;
			productRefGroup = C100000006 /* Products */;
			projectDirPath = "";
			projectRoot = "";
			targets = (
				F100000001 /* Orbit */,
			);
		};
/* End PBXProject section */

/* Begin PBXResourcesBuildPhase section */
		F100000003 /* Resources */ = {
			isa = PBXResourcesBuildPhase;
			buildActionMask = 2147483647;
			files = (
				A10000000D /* Assets.xcassets in Resources */,
			);
			runOnlyForDeploymentPostprocessing = 0;
		};
/* End PBXResourcesBuildPhase section */

/* Begin PBXSourcesBuildPhase section */
		F100000002 /* Sources */ = {
			isa = PBXSourcesBuildPhase;
			buildActionMask = 2147483647;
			files = (
				A100000001 /* HabitTrackerApp.swift in Sources */,
				A100000002 /* ContentView.swift in Sources */,
				A100000003 /* Habit.swift in Sources */,
				A100000004 /* HabitStore.swift in Sources */,
				A100000005 /* SidebarView.swift in Sources */,
				A100000006 /* DashboardView.swift in Sources */,
				A100000007 /* HabitCardView.swift in Sources */,
				A100000008 /* ProgressRingView.swift in Sources */,
				A100000009 /* AddHabitSheet.swift in Sources */,
				A10000000A /* OrbitalSystemView.swift in Sources */,
				A10000000C /* Theme.swift in Sources */,
				A10000000E /* HalftoneRenderer.swift in Sources */,
				A10000000F /* HalftoneBackgroundView.swift in Sources */,
			);
			runOnlyForDeploymentPostprocessing = 0;
		};
/* End PBXSourcesBuildPhase section */

/* Begin XCBuildConfiguration section */
		F300000001 /* Debug */ = {
			isa = XCBuildConfiguration;
			buildSettings = {
				ALWAYS_SEARCH_USER_PATHS = NO;
				ASSETCATALOG_COMPILER_GENERATE_SWIFT_ASSET_SYMBOL_EXTENSIONS = YES;
				CLANG_ANALYZER_NONNULL = YES;
				CLANG_ANALYZER_NUMBER_OBJECT_CONVERSION = YES_AGGRESSIVE;
				CLANG_CXX_LANGUAGE_STANDARD = "gnu++20";
				CLANG_ENABLE_MODULES = YES;
				CLANG_ENABLE_OBJC_ARC = YES;
				CLANG_ENABLE_OBJC_WEAK = YES;
				CLANG_WARN_BLOCK_CAPTURE_AUTORELEASING = YES;
				CLANG_WARN_BOOL_CONVERSION = YES;
				CLANG_WARN_COMMA = YES;
				CLANG_WARN_CONSTANT_CONVERSION = YES;
				CLANG_WARN_DEPRECATED_OBJC_IMPLEMENTATIONS = YES;
				CLANG_WARN_DIRECT_OBJC_ISA_USAGE = YES_ERROR;
				CLANG_WARN_DOCUMENTATION_COMMENTS = YES;
				CLANG_WARN_EMPTY_BODY = YES;
				CLANG_WARN_ENUM_CONVERSION = YES;
				CLANG_WARN_INFINITE_RECURSION = YES;
				CLANG_WARN_INT_CONVERSION = YES;
				CLANG_WARN_NON_LITERAL_NULL_CONVERSION = YES;
				CLANG_WARN_OBJC_IMPLICIT_RETAIN_SELF = YES;
				CLANG_WARN_OBJC_LITERAL_CONVERSION = YES;
				CLANG_WARN_OBJC_ROOT_CLASS = YES_ERROR;
				CLANG_WARN_QUOTED_INCLUDE_IN_FRAMEWORK_HEADER = YES;
				CLANG_WARN_RANGE_LOOP_ANALYSIS = YES;
				CLANG_WARN_STRICT_PROTOTYPES = YES;
				CLANG_WARN_SUSPICIOUS_MOVE = YES;
				CLANG_WARN_UNGUARDED_AVAILABILITY = YES_AGGRESSIVE;
				CLANG_WARN_UNREACHABLE_CODE = YES;
				CLANG_WARN__DUPLICATE_METHOD_MATCH = YES;
				COPY_PHASE_STRIP = NO;
				DEBUG_INFORMATION_FORMAT = dwarf;
				ENABLE_STRICT_OBJC_MSGSEND = YES;
				ENABLE_TESTABILITY = YES;
				ENABLE_USER_SCRIPT_SANDBOXING = YES;
				GCC_C_LANGUAGE_STANDARD = gnu17;
				GCC_DYNAMIC_NO_PIC = NO;
				GCC_NO_COMMON_BLOCKS = YES;
				GCC_OPTIMIZATION_LEVEL = 0;
				GCC_PREPROCESSOR_DEFINITIONS = (
					"DEBUG=1",
					"$(inherited)",
				);
				GCC_WARN_64_TO_32_BIT_CONVERSION = YES;
				GCC_WARN_ABOUT_RETURN_TYPE = YES_ERROR;
				GCC_WARN_UNDECLARED_SELECTOR = YES;
				GCC_WARN_UNINITIALIZED_AUTOS = YES_AGGRESSIVE;
				GCC_WARN_UNUSED_FUNCTION = YES;
				GCC_WARN_UNUSED_VARIABLE = YES;
				MACOSX_DEPLOYMENT_TARGET = 14.0;
				MTL_ENABLE_DEBUG_INFO = INCLUDE_SOURCE;
				MTL_FAST_MATH = YES;
				ONLY_ACTIVE_ARCH = YES;
				SDKROOT = macosx;
				SWIFT_ACTIVE_COMPILATION_CONDITIONS = "DEBUG $(inherited)";
				SWIFT_OPTIMIZATION_LEVEL = "-Onone";
			};
			name = Debug;
		};
		F300000002 /* Release */ = {
			isa = XCBuildConfiguration;
			buildSettings = {
				ALWAYS_SEARCH_USER_PATHS = NO;
				ASSETCATALOG_COMPILER_GENERATE_SWIFT_ASSET_SYMBOL_EXTENSIONS = YES;
				CLANG_ANALYZER_NONNULL = YES;
				CLANG_ANALYZER_NUMBER_OBJECT_CONVERSION = YES_AGGRESSIVE;
				CLANG_CXX_LANGUAGE_STANDARD = "gnu++20";
				CLANG_ENABLE_MODULES = YES;
				CLANG_ENABLE_OBJC_ARC = YES;
				CLANG_ENABLE_OBJC_WEAK = YES;
				CLANG_WARN_BLOCK_CAPTURE_AUTORELEASING = YES;
				CLANG_WARN_BOOL_CONVERSION = YES;
				CLANG_WARN_COMMA = YES;
				CLANG_WARN_CONSTANT_CONVERSION = YES;
				CLANG_WARN_DEPRECATED_OBJC_IMPLEMENTATIONS = YES;
				CLANG_WARN_DIRECT_OBJC_ISA_USAGE = YES_ERROR;
				CLANG_WARN_DOCUMENTATION_COMMENTS = YES;
				CLANG_WARN_EMPTY_BODY = YES;
				CLANG_WARN_ENUM_CONVERSION = YES;
				CLANG_WARN_INFINITE_RECURSION = YES;
				CLANG_WARN_INT_CONVERSION = YES;
				CLANG_WARN_NON_LITERAL_NULL_CONVERSION = YES;
				CLANG_WARN_OBJC_IMPLICIT_RETAIN_SELF = YES;
				CLANG_WARN_OBJC_LITERAL_CONVERSION = YES;
				CLANG_WARN_OBJC_ROOT_CLASS = YES_ERROR;
				CLANG_WARN_QUOTED_INCLUDE_IN_FRAMEWORK_HEADER = YES;
				CLANG_WARN_RANGE_LOOP_ANALYSIS = YES;
				CLANG_WARN_STRICT_PROTOTYPES = YES;
				CLANG_WARN_SUSPICIOUS_MOVE = YES;
				CLANG_WARN_UNGUARDED_AVAILABILITY = YES_AGGRESSIVE;
				CLANG_WARN_UNREACHABLE_CODE = YES;
				CLANG_WARN__DUPLICATE_METHOD_MATCH = YES;
				COPY_PHASE_STRIP = NO;
				DEBUG_INFORMATION_FORMAT = "dwarf-with-dsym";
				ENABLE_NS_ASSERTIONS = NO;
				ENABLE_STRICT_OBJC_MSGSEND = YES;
				ENABLE_USER_SCRIPT_SANDBOXING = YES;
				GCC_C_LANGUAGE_STANDARD = gnu17;
				GCC_NO_COMMON_BLOCKS = YES;
				GCC_WARN_64_TO_32_BIT_CONVERSION = YES;
				GCC_WARN_ABOUT_RETURN_TYPE = YES_ERROR;
				GCC_WARN_UNDECLARED_SELECTOR = YES;
				GCC_WARN_UNINITIALIZED_AUTOS = YES_AGGRESSIVE;
				GCC_WARN_UNUSED_FUNCTION = YES;
				GCC_WARN_UNUSED_VARIABLE = YES;
				MACOSX_DEPLOYMENT_TARGET = 14.0;
				MTL_ENABLE_DEBUG_INFO = NO;
				MTL_FAST_MATH = YES;
				SDKROOT = macosx;
				SWIFT_COMPILATION_MODE = wholemodule;
			};
			name = Release;
		};
		F300000003 /* Debug */ = {
			isa = XCBuildConfiguration;
			buildSettings = {
				ASSETCATALOG_COMPILER_APPICON_NAME = AppIcon;
				ASSETCATALOG_COMPILER_GLOBAL_ACCENT_COLOR_NAME = AccentColor;
				CODE_SIGN_ENTITLEMENTS = Orbit/Orbit.entitlements;
				CODE_SIGN_STYLE = Automatic;
				COMBINE_HIDPI_IMAGES = YES;
				CURRENT_PROJECT_VERSION = 1;
				DEVELOPMENT_TEAM = "";
				ENABLE_HARDENED_RUNTIME = YES;
				GENERATE_INFOPLIST_FILE = YES;
				INFOPLIST_KEY_LSApplicationCategoryType = "public.app-category.lifestyle";
				INFOPLIST_KEY_NSHumanReadableCopyright = "";
				LD_RUNPATH_SEARCH_PATHS = (
					"$(inherited)",
					"@executable_path/../Frameworks",
				);
				MARKETING_VERSION = 1.0;
				PRODUCT_BUNDLE_IDENTIFIER = com.orbit.habittracker;
				PRODUCT_NAME = "$(TARGET_NAME)";
				SWIFT_EMIT_LOC_STRINGS = YES;
				SWIFT_VERSION = 5.0;
			};
			name = Debug;
		};
		F300000004 /* Release */ = {
			isa = XCBuildConfiguration;
			buildSettings = {
				ASSETCATALOG_COMPILER_APPICON_NAME = AppIcon;
				ASSETCATALOG_COMPILER_GLOBAL_ACCENT_COLOR_NAME = AccentColor;
				CODE_SIGN_ENTITLEMENTS = Orbit/Orbit.entitlements;
				CODE_SIGN_STYLE = Automatic;
				COMBINE_HIDPI_IMAGES = YES;
				CURRENT_PROJECT_VERSION = 1;
				DEVELOPMENT_TEAM = "";
				ENABLE_HARDENED_RUNTIME = YES;
				GENERATE_INFOPLIST_FILE = YES;
				INFOPLIST_KEY_LSApplicationCategoryType = "public.app-category.lifestyle";
				INFOPLIST_KEY_NSHumanReadableCopyright = "";
				LD_RUNPATH_SEARCH_PATHS = (
					"$(inherited)",
					"@executable_path/../Frameworks",
				);
				MARKETING_VERSION = 1.0;
				PRODUCT_BUNDLE_IDENTIFIER = com.orbit.habittracker;
				PRODUCT_NAME = "$(TARGET_NAME)";
				SWIFT_EMIT_LOC_STRINGS = YES;
				SWIFT_VERSION = 5.0;
			};
			name = Release;
		};
/* End XCBuildConfiguration section */

/* Begin XCConfigurationList section */
		F200000002 /* Build configuration list for PBXProject "Orbit" */ = {
			isa = XCConfigurationList;
			buildConfigurations = (
				F300000001 /* Debug */,
				F300000002 /* Release */,
			);
			defaultConfigurationIsVisible = 0;
			defaultConfigurationName = Release;
		};
		F100000004 /* Build configuration list for PBXNativeTarget "Orbit" */ = {
			isa = XCConfigurationList;
			buildConfigurations = (
				F300000003 /* Debug */,
				F300000004 /* Release */,
			);
			defaultConfigurationIsVisible = 0;
			defaultConfigurationName = Release;
		};
/* End XCConfigurationList section */
	};
	rootObject = F200000001 /* Project object */;
}
